
Microsoft Visual Studio Solution File, Format Version 12.00
# Visual Studio Version 16
VisualStudioVersion = 16.0.30330.147
MinimumVisualStudioVersion = 10.0.40219.1
Project("{FAE04EC0-301F-11D3-BF4B-00C04F79EFBC}") = "ING", "Samet Pansiyon\ING.csproj", "{74BED1D6-7D16-4AFD-85F6-3C605C8F74D8}"
EndProject
Global
	GlobalSection(SolutionConfigurationPlatforms) = preSolution
		Debug|Any CPU = Debug|Any CPU
		Release|Any CPU = Release|Any CPU
	EndGlobalSection
	GlobalSection(ProjectConfigurationPlatforms) = postSolution
		{74BED1D6-7D16-4AFD-85F6-3C605C8F74D8}.Debug|Any CPU.ActiveCfg = Debug|Any CPU
		{74BED1D6-7D16-4AFD-85F6-3C605C8F74D8}.Debug|Any CPU.Build.0 = Debug|Any CPU
		{74BED1D6-7D16-4AFD-85F6-3C605C8F74D8}.Release|Any CPU.ActiveCfg = Release|Any CPU
		{74BED1D6-7D16-4AFD-85F6-3C605C8F74D8}.Release|Any CPU.Build.0 = Release|Any CPU
	EndGlobalSection
	GlobalSection(SolutionProperties) = preSolution
		HideSolutionNode = FALSE
	EndGlobalSection
	GlobalSection(ExtensibilityGlobals) = postSolution
		SolutionGuid = {27F97698-1632-4153-B88D-3D1C1309CDAA}
	EndGlobalSection
EndGlobal
